
Microsoft Visual Studio Solution File, Format Version 12.00
# Visual Studio Version 17
VisualStudioVersion = 17.8.34322.80
MinimumVisualStudioVersion = 10.0.40219.1
Project("{FAE04EC0-301F-11D3-BF4B-00C04F79EFBC}") = "Birga", "Birga.csproj", "{0EB94E9C-277D-43E6-A8C1-55A5B8D87A20}"
EndProject
Global
	GlobalSection(SolutionConfigurationPlatforms) = preSolution
		Debug|x64 = Debug|x64
		Release|x64 = Release|x64
	EndGlobalSection
	GlobalSection(ProjectConfigurationPlatforms) = postSolution
		{0EB94E9C-277D-43E6-A8C1-55A5B8D87A20}.Debug|x64.ActiveCfg = Debug|x64
		{0EB94E9C-277D-43E6-A8C1-55A5B8D87A20}.Debug|x64.Build.0 = Debug|x64
		{0EB94E9C-277D-43E6-A8C1-55A5B8D87A20}.Release|x64.ActiveCfg = Release|x64
		{0EB94E9C-277D-43E6-A8C1-55A5B8D87A20}.Release|x64.Build.0 = Release|x64
	EndGlobalSection
	GlobalSection(SolutionProperties) = preSolution
		HideSolutionNode = FALSE
	EndGlobalSection
	GlobalSection(ExtensibilityGlobals) = postSolution
		SolutionGuid = {B705BC7D-AF81-4D98-9EBB-82505CDB0EC3}
	EndGlobalSection
EndGlobal
